<?xml version="1.0" encoding="utf-8"?>
<Project ToolsVersion="4.0" xmlns="http://schemas.microsoft.com/developer/msbuild/2003">
  <ItemGroup>
    <Filter Include="Cactus">
      <UniqueIdentifier>{48363CAB-34D8-6681-1D93-7AD509D4EDD1}</UniqueIdentifier>
    </Filter>
    <Filter Include="Cactus\Events">
      <UniqueIdentifier>{2C019D50-98C1-1887-61FC-6104CD7B5D63}</UniqueIdentifier>
    </Filter>
    <Filter Include="Cactus\ImGui">
      <UniqueIdentifier>{7241760A-5EA4-05AF-072A-3E65F36BD131}</UniqueIdentifier>
    </Filter>
    <Filter Include="Cactus\Input">
      <UniqueIdentifier>{477C770A-33DF-06AF-DC64-3F65C8A6D231}</UniqueIdentifier>
    </Filter>
    <Filter Include="Platform">
      <UniqueIdentifier>{2AC788B4-1694-E3BF-3FAD-D1672BD9184E}</UniqueIdentifier>
    </Filter>
    <Filter Include="Platform\OpenGL">
      <UniqueIdentifier>{1E7D2C1D-8A08-9AE1-9319-1DD6FF23F6E1}</UniqueIdentifier>
    </Filter>
    <Filter Include="Platform\Windows">
      <UniqueIdentifier>{64FBD71A-50F4-F66C-7926-DCF1657ED678}</UniqueIdentifier>
    </Filter>
  </ItemGroup>
  <ItemGroup>
    <ClInclude Include="src\Cactus.h" />
    <ClInclude Include="src\Cactus\Application.h">
      <Filter>Cactus</Filter>
    </ClInclude>
    <ClInclude Include="src\Cactus\Core.h">
      <Filter>Cactus</Filter>
    </ClInclude>
    <ClInclude Include="src\Cactus\EntryPoint.h">
      <Filter>Cactus</Filter>
    </ClInclude>
    <ClInclude Include="src\Cactus\Events\ApplicationEvent.h">
      <Filter>Cactus\Events</Filter>
    </ClInclude>
    <ClInclude Include="src\Cactus\Events\Event.h">
      <Filter>Cactus\Events</Filter>
    </ClInclude>
    <ClInclude Include="src\Cactus\Events\KeyEvent.h">
      <Filter>Cactus\Events</Filter>
    </ClInclude>
    <ClInclude Include="src\Cactus\Events\MouseEvent.h">
      <Filter>Cactus\Events</Filter>
    </ClInclude>
    <ClInclude Include="src\Cactus\ImGui\ImGuiLayer.h">
      <Filter>Cactus\ImGui</Filter>
    </ClInclude>
    <ClInclude Include="src\Cactus\Input\Input.h">
      <Filter>Cactus\Input</Filter>
    </ClInclude>
    <ClInclude Include="src\Cactus\Input\InputLayer.h">
      <Filter>Cactus\Input</Filter>
    </ClInclude>
    <ClInclude Include="src\Cactus\Layer.h">
      <Filter>Cactus</Filter>
    </ClInclude>
    <ClInclude Include="src\Cactus\LayerStack.h">
      <Filter>Cactus</Filter>
    </ClInclude>
    <ClInclude Include="src\Cactus\Log.h">
      <Filter>Cactus</Filter>
    </ClInclude>
    <ClInclude Include="src\Cactus\Window.h">
      <Filter>Cactus</Filter>
    </ClInclude>
    <ClInclude Include="src\Platform\OpenGL\ImGuiOpenGLRenderer.h">
      <Filter>Platform\OpenGL</Filter>
    </ClInclude>
    <ClInclude Include="src\Platform\Windows\WindowsWindow.h">
      <Filter>Platform\Windows</Filter>
    </ClInclude>
    <ClInclude Include="src\cactus_pch.h" />
  </ItemGroup>
  <ItemGroup>
    <ClCompile Include="src\Cactus\Application.cpp">
      <Filter>Cactus</Filter>
    </ClCompile>
    <ClCompile Include="src\Cactus\ImGui\ImGuiLayer.cpp">
      <Filter>Cactus\ImGui</Filter>
    </ClCompile>
    <ClCompile Include="src\Cactus\Input\Input.cpp">
      <Filter>Cactus\Input</Filter>
    </ClCompile>
    <ClCompile Include="src\Cactus\Input\InputLayer.cpp">
      <Filter>Cactus\Input</Filter>
    </ClCompile>
    <ClCompile Include="src\Cactus\Layer.cpp">
      <Filter>Cactus</Filter>
    </ClCompile>
    <ClCompile Include="src\Cactus\LayerStack.cpp">
      <Filter>Cactus</Filter>
    </ClCompile>
    <ClCompile Include="src\Cactus\Log.cpp">
      <Filter>Cactus</Filter>
    </ClCompile>
    <ClCompile Include="src\Platform\OpenGL\ImGuiOpenGLRenderer.cpp">
      <Filter>Platform\OpenGL</Filter>
    </ClCompile>
    <ClCompile Include="src\Platform\Windows\WindowsWindow.cpp">
      <Filter>Platform\Windows</Filter>
    </ClCompile>
    <ClCompile Include="src\cactus_pch.cpp" />
  </ItemGroup>
</Project>